
Microsoft Visual Studio Solution File, Format Version 12.00
# Visual Studio Version 17
VisualStudioVersion = 17.0.31903.59
MinimumVisualStudioVersion = 10.0.40219.1
Project("{FAE04EC0-301F-11D3-BF4B-00C04F79EFBC}") = "PaymentContext.Domain", "PaymentContext.Domain\PaymentContext.Domain.csproj", "{D9B0E99E-3629-4F3F-88D7-E30657DBF646}"
EndProject
Project("{FAE04EC0-301F-11D3-BF4B-00C04F79EFBC}") = "PaymentContext.Shared", "PaymentContext.Shared\PaymentContext.Shared.csproj", "{79966A05-5581-4584-A0F6-56395F51982A}"
EndProject
Project("{FAE04EC0-301F-11D3-BF4B-00C04F79EFBC}") = "PaymentContext.Tests", "PaymentContext.Tests\PaymentContext.Tests.csproj", "{215FD780-B5D5-4D7E-90B5-398CAC28EDBC}"
EndProject
Global
	GlobalSection(SolutionConfigurationPlatforms) = preSolution
		Debug|Any CPU = Debug|Any CPU
		Release|Any CPU = Release|Any CPU
	EndGlobalSection
	GlobalSection(SolutionProperties) = preSolution
		HideSolutionNode = FALSE
	EndGlobalSection
	GlobalSection(ProjectConfigurationPlatforms) = postSolution
		{D9B0E99E-3629-4F3F-88D7-E30657DBF646}.Debug|Any CPU.ActiveCfg = Debug|Any CPU
		{D9B0E99E-3629-4F3F-88D7-E30657DBF646}.Debug|Any CPU.Build.0 = Debug|Any CPU
		{D9B0E99E-3629-4F3F-88D7-E30657DBF646}.Release|Any CPU.ActiveCfg = Release|Any CPU
		{D9B0E99E-3629-4F3F-88D7-E30657DBF646}.Release|Any CPU.Build.0 = Release|Any CPU
		{79966A05-5581-4584-A0F6-56395F51982A}.Debug|Any CPU.ActiveCfg = Debug|Any CPU
		{79966A05-5581-4584-A0F6-56395F51982A}.Debug|Any CPU.Build.0 = Debug|Any CPU
		{79966A05-5581-4584-A0F6-56395F51982A}.Release|Any CPU.ActiveCfg = Release|Any CPU
		{79966A05-5581-4584-A0F6-56395F51982A}.Release|Any CPU.Build.0 = Release|Any CPU
		{215FD780-B5D5-4D7E-90B5-398CAC28EDBC}.Debug|Any CPU.ActiveCfg = Debug|Any CPU
		{215FD780-B5D5-4D7E-90B5-398CAC28EDBC}.Debug|Any CPU.Build.0 = Debug|Any CPU
		{215FD780-B5D5-4D7E-90B5-398CAC28EDBC}.Release|Any CPU.ActiveCfg = Release|Any CPU
		{215FD780-B5D5-4D7E-90B5-398CAC28EDBC}.Release|Any CPU.Build.0 = Release|Any CPU
	EndGlobalSection
EndGlobal
